
Microsoft Visual Studio Solution File, Format Version 12.00
# Visual Studio Version 17
VisualStudioVersion = 17.12.35707.178
MinimumVisualStudioVersion = 10.0.40219.1
Project("{FAE04EC0-301F-11D3-BF4B-00C04F79EFBC}") = "AMDevIT.Restling.Core", "AMDevIT.Restling.Core\AMDevIT.Restling.Core.csproj", "{F2071889-BDF6-4E1F-ACF1-8C35BA432F1A}"
EndProject
Project("{FAE04EC0-301F-11D3-BF4B-00C04F79EFBC}") = "AMDevIT.Restling.Tests", "AMDevIT.Restling.Tests\AMDevIT.Restling.Tests.csproj", "{98ECACE1-BE5A-4248-BFA3-09E3B2DEDD51}"
EndProject
Global
	GlobalSection(SolutionConfigurationPlatforms) = preSolution
		Debug|Any CPU = Debug|Any CPU
		Release|Any CPU = Release|Any CPU
	EndGlobalSection
	GlobalSection(ProjectConfigurationPlatforms) = postSolution
		{F2071889-BDF6-4E1F-ACF1-8C35BA432F1A}.Debug|Any CPU.ActiveCfg = Debug|Any CPU
		{F2071889-BDF6-4E1F-ACF1-8C35BA432F1A}.Debug|Any CPU.Build.0 = Debug|Any CPU
		{F2071889-BDF6-4E1F-ACF1-8C35BA432F1A}.Release|Any CPU.ActiveCfg = Release|Any CPU
		{F2071889-BDF6-4E1F-ACF1-8C35BA432F1A}.Release|Any CPU.Build.0 = Release|Any CPU
		{98ECACE1-BE5A-4248-BFA3-09E3B2DEDD51}.Debug|Any CPU.ActiveCfg = Debug|Any CPU
		{98ECACE1-BE5A-4248-BFA3-09E3B2DEDD51}.Debug|Any CPU.Build.0 = Debug|Any CPU
		{98ECACE1-BE5A-4248-BFA3-09E3B2DEDD51}.Release|Any CPU.ActiveCfg = Release|Any CPU
		{98ECACE1-BE5A-4248-BFA3-09E3B2DEDD51}.Release|Any CPU.Build.0 = Release|Any CPU
	EndGlobalSection
	GlobalSection(SolutionProperties) = preSolution
		HideSolutionNode = FALSE
	EndGlobalSection
EndGlobal
